// !$*UTF8*$!
{
	archiveVersion = 1;
	classes = {
	};
	objectVersion = 50;
	objects = {

/* Begin PBXBuildFile section */
		ED03DC95256F9D8F001734B6 /* AppDelegate.swift in Sources */ = {isa = PBXBuildFile; fileRef = ED03DC94256F9D8F001734B6 /* AppDelegate.swift */; };
		ED03DC97256F9D8F001734B6 /* SceneDelegate.swift in Sources */ = {isa = PBXBuildFile; fileRef = ED03DC96256F9D8F001734B6 /* SceneDelegate.swift */; };
		ED03DC99256F9D8F001734B6 /* HomeController.swift in Sources */ = {isa = PBXBuildFile; fileRef = ED03DC98256F9D8F001734B6 /* HomeController.swift */; };
		ED03DC9C256F9D8F001734B6 /* Main.storyboard in Resources */ = {isa = PBXBuildFile; fileRef = ED03DC9A256F9D8F001734B6 /* Main.storyboard */; };
		ED03DC9E256F9D95001734B6 /* Assets.xcassets in Resources */ = {isa = PBXBuildFile; fileRef = ED03DC9D256F9D95001734B6 /* Assets.xcassets */; };
		ED03DCA1256F9D95001734B6 /* LaunchScreen.storyboard in Resources */ = {isa = PBXBuildFile; fileRef = ED03DC9F256F9D95001734B6 /* LaunchScreen.storyboard */; };
		ED03DCAC2570DE0E001734B6 /* Extension+UIView.swift in Sources */ = {isa = PBXBuildFile; fileRef = ED03DCAB2570DE0E001734B6 /* Extension+UIView.swift */; };
		ED03DCB125713D0A001734B6 /* HomeControllsStackView.swift in Sources */ = {isa = PBXBuildFile; fileRef = ED03DCB025713D0A001734B6 /* HomeControllsStackView.swift */; };
		ED54D71B258E9CD6008356F8 /* CustomTextField.swift in Sources */ = {isa = PBXBuildFile; fileRef = ED54D71A258E9CD5008356F8 /* CustomTextField.swift */; };
		ED8F5607258BFE02000C02BB /* RegistrationController.swift in Sources */ = {isa = PBXBuildFile; fileRef = ED8F5606258BFE02000C02BB /* RegistrationController.swift */; };
		ED9371912572E9A700077A08 /* TopNavigationStackView.swift in Sources */ = {isa = PBXBuildFile; fileRef = ED9371902572E9A700077A08 /* TopNavigationStackView.swift */; };
		EDB16E87257D76FF00AD54EA /* CardView.swift in Sources */ = {isa = PBXBuildFile; fileRef = EDB16E86257D76FF00AD54EA /* CardView.swift */; };
		EDB16E8B257D799C00AD54EA /* CardViewModel.swift in Sources */ = {isa = PBXBuildFile; fileRef = EDB16E8A257D799C00AD54EA /* CardViewModel.swift */; };
		EDB16E8E257E636800AD54EA /* Advertiser.swift in Sources */ = {isa = PBXBuildFile; fileRef = EDB16E8D257E636800AD54EA /* Advertiser.swift */; };
		EDB9EB5A2577956300CF8C33 /* User.swift in Sources */ = {isa = PBXBuildFile; fileRef = EDB9EB592577956300CF8C33 /* User.swift */; };
/* End PBXBuildFile section */

/* Begin PBXFileReference section */
		ED03DC91256F9D8F001734B6 /* Tinder.app */ = {isa = PBXFileReference; explicitFileType = wrapper.application; includeInIndex = 0; path = Tinder.app; sourceTree = BUILT_PRODUCTS_DIR; };
		ED03DC94256F9D8F001734B6 /* AppDelegate.swift */ = {isa = PBXFileReference; lastKnownFileType = sourcecode.swift; path = AppDelegate.swift; sourceTree = "<group>"; };
		ED03DC96256F9D8F001734B6 /* SceneDelegate.swift */ = {isa = PBXFileReference; lastKnownFileType = sourcecode.swift; path = SceneDelegate.swift; sourceTree = "<group>"; };
		ED03DC98256F9D8F001734B6 /* HomeController.swift */ = {isa = PBXFileReference; lastKnownFileType = sourcecode.swift; path = HomeController.swift; sourceTree = "<group>"; };
		ED03DC9B256F9D8F001734B6 /* Base */ = {isa = PBXFileReference; lastKnownFileType = file.storyboard; name = Base; path = Base.lproj/Main.storyboard; sourceTree = "<group>"; };
		ED03DC9D256F9D95001734B6 /* Assets.xcassets */ = {isa = PBXFileReference; lastKnownFileType = folder.assetcatalog; path = Assets.xcassets; sourceTree = "<group>"; };
		ED03DCA0256F9D95001734B6 /* Base */ = {isa = PBXFileReference; lastKnownFileType = file.storyboard; name = Base; path = Base.lproj/LaunchScreen.storyboard; sourceTree = "<group>"; };
		ED03DCA2256F9D95001734B6 /* Info.plist */ = {isa = PBXFileReference; lastKnownFileType = text.plist.xml; path = Info.plist; sourceTree = "<group>"; };
		ED03DCAB2570DE0E001734B6 /* Extension+UIView.swift */ = {isa = PBXFileReference; lastKnownFileType = sourcecode.swift; path = "Extension+UIView.swift"; sourceTree = "<group>"; };
		ED03DCB025713D0A001734B6 /* HomeControllsStackView.swift */ = {isa = PBXFileReference; lastKnownFileType = sourcecode.swift; path = HomeControllsStackView.swift; sourceTree = "<group>"; };
		ED54D71A258E9CD5008356F8 /* CustomTextField.swift */ = {isa = PBXFileReference; lastKnownFileType = sourcecode.swift; path = CustomTextField.swift; sourceTree = "<group>"; };
		ED8F5606258BFE02000C02BB /* RegistrationController.swift */ = {isa = PBXFileReference; lastKnownFileType = sourcecode.swift; path = RegistrationController.swift; sourceTree = "<group>"; };
		ED9371902572E9A700077A08 /* TopNavigationStackView.swift */ = {isa = PBXFileReference; lastKnownFileType = sourcecode.swift; path = TopNavigationStackView.swift; sourceTree = "<group>"; };
		EDB16E86257D76FF00AD54EA /* CardView.swift */ = {isa = PBXFileReference; fileEncoding = 4; lastKnownFileType = sourcecode.swift; path = CardView.swift; sourceTree = "<group>"; };
		EDB16E8A257D799C00AD54EA /* CardViewModel.swift */ = {isa = PBXFileReference; lastKnownFileType = sourcecode.swift; path = CardViewModel.swift; sourceTree = "<group>"; };
		EDB16E8D257E636800AD54EA /* Advertiser.swift */ = {isa = PBXFileReference; lastKnownFileType = sourcecode.swift; path = Advertiser.swift; sourceTree = "<group>"; };
		EDB9EB592577956300CF8C33 /* User.swift */ = {isa = PBXFileReference; lastKnownFileType = sourcecode.swift; path = User.swift; sourceTree = "<group>"; };
/* End PBXFileReference section */

/* Begin PBXFrameworksBuildPhase section */
		ED03DC8E256F9D8F001734B6 /* Frameworks */ = {
			isa = PBXFrameworksBuildPhase;
			buildActionMask = 2147483647;
			files = (
			);
			runOnlyForDeploymentPostprocessing = 0;
		};
/* End PBXFrameworksBuildPhase section */

/* Begin PBXGroup section */
		ED03DC88256F9D8F001734B6 = {
			isa = PBXGroup;
			children = (
				ED03DC93256F9D8F001734B6 /* Tinder */,
				ED03DC92256F9D8F001734B6 /* Products */,
			);
			sourceTree = "<group>";
		};
		ED03DC92256F9D8F001734B6 /* Products */ = {
			isa = PBXGroup;
			children = (
				ED03DC91256F9D8F001734B6 /* Tinder.app */,
			);
			name = Products;
			sourceTree = "<group>";
		};
		ED03DC93256F9D8F001734B6 /* Tinder */ = {
			isa = PBXGroup;
			children = (
				EDB16E89257D797B00AD54EA /* ViewModels */,
				EDB9EB582577954D00CF8C33 /* Model */,
				ED03DCAF25713CDF001734B6 /* Views */,
				EDB16E84257D758D00AD54EA /* Controllers */,
				ED03DCAA2570DDB7001734B6 /* Extensions */,
				ED03DC94256F9D8F001734B6 /* AppDelegate.swift */,
				ED03DC96256F9D8F001734B6 /* SceneDelegate.swift */,
				ED03DC9A256F9D8F001734B6 /* Main.storyboard */,
				ED03DC9D256F9D95001734B6 /* Assets.xcassets */,
				ED03DC9F256F9D95001734B6 /* LaunchScreen.storyboard */,
				ED03DCA2256F9D95001734B6 /* Info.plist */,
			);
			path = Tinder;
			sourceTree = "<group>";
		};
		ED03DCAA2570DDB7001734B6 /* Extensions */ = {
			isa = PBXGroup;
			children = (
				ED03DCAB2570DE0E001734B6 /* Extension+UIView.swift */,
			);
			path = Extensions;
			sourceTree = "<group>";
		};
		ED03DCAF25713CDF001734B6 /* Views */ = {
			isa = PBXGroup;
			children = (
				ED03DCB025713D0A001734B6 /* HomeControllsStackView.swift */,
				ED9371902572E9A700077A08 /* TopNavigationStackView.swift */,
				EDB16E86257D76FF00AD54EA /* CardView.swift */,
				ED54D71A258E9CD5008356F8 /* CustomTextField.swift */,
			);
			path = Views;
			sourceTree = "<group>";
		};
		EDB16E84257D758D00AD54EA /* Controllers */ = {
			isa = PBXGroup;
			children = (
				ED03DC98256F9D8F001734B6 /* HomeController.swift */,
				ED8F5606258BFE02000C02BB /* RegistrationController.swift */,
			);
			path = Controllers;
			sourceTree = "<group>";
		};
		EDB16E89257D797B00AD54EA /* ViewModels */ = {
			isa = PBXGroup;
			children = (
				EDB16E8A257D799C00AD54EA /* CardViewModel.swift */,
			);
			path = ViewModels;
			sourceTree = "<group>";
		};
		EDB9EB582577954D00CF8C33 /* Model */ = {
			isa = PBXGroup;
			children = (
				EDB9EB592577956300CF8C33 /* User.swift */,
				EDB16E8D257E636800AD54EA /* Advertiser.swift */,
			);
			path = Model;
			sourceTree = "<group>";
		};
/* End PBXGroup section */

/* Begin PBXNativeTarget section */
		ED03DC90256F9D8F001734B6 /* Tinder */ = {
			isa = PBXNativeTarget;
			buildConfigurationList = ED03DCA5256F9D95001734B6 /* Build configuration list for PBXNativeTarget "Tinder" */;
			buildPhases = (
				ED03DC8D256F9D8F001734B6 /* Sources */,
				ED03DC8E256F9D8F001734B6 /* Frameworks */,
				ED03DC8F256F9D8F001734B6 /* Resources */,
			);
			buildRules = (
			);
			dependencies = (
			);
			name = Tinder;
			productName = Tinder;
			productReference = ED03DC91256F9D8F001734B6 /* Tinder.app */;
			productType = "com.apple.product-type.application";
		};
/* End PBXNativeTarget section */

/* Begin PBXProject section */
		ED03DC89256F9D8F001734B6 /* Project object */ = {
			isa = PBXProject;
			attributes = {
				LastSwiftUpdateCheck = 1220;
				LastUpgradeCheck = 1220;
				TargetAttributes = {
					ED03DC90256F9D8F001734B6 = {
						CreatedOnToolsVersion = 12.2;
					};
				};
			};
			buildConfigurationList = ED03DC8C256F9D8F001734B6 /* Build configuration list for PBXProject "Tinder" */;
			compatibilityVersion = "Xcode 9.3";
			developmentRegion = en;
			hasScannedForEncodings = 0;
			knownRegions = (
				en,
				Base,
			);
			mainGroup = ED03DC88256F9D8F001734B6;
			productRefGroup = ED03DC92256F9D8F001734B6 /* Products */;
			projectDirPath = "";
			projectRoot = "";
			targets = (
				ED03DC90256F9D8F001734B6 /* Tinder */,
			);
		};
/* End PBXProject section */

/* Begin PBXResourcesBuildPhase section */
		ED03DC8F256F9D8F001734B6 /* Resources */ = {
			isa = PBXResourcesBuildPhase;
			buildActionMask = 2147483647;
			files = (
				ED03DCA1256F9D95001734B6 /* LaunchScreen.storyboard in Resources */,
				ED03DC9E256F9D95001734B6 /* Assets.xcassets in Resources */,
				ED03DC9C256F9D8F001734B6 /* Main.storyboard in Resources */,
			);
			runOnlyForDeploymentPostprocessing = 0;
		};
/* End PBXResourcesBuildPhase section */

/* Begin PBXSourcesBuildPhase section */
		ED03DC8D256F9D8F001734B6 /* Sources */ = {
			isa = PBXSourcesBuildPhase;
			buildActionMask = 2147483647;
			files = (
				EDB16E8E257E636800AD54EA /* Advertiser.swift in Sources */,
				ED03DCB125713D0A001734B6 /* HomeControllsStackView.swift in Sources */,
				ED03DC99256F9D8F001734B6 /* HomeController.swift in Sources */,
				ED8F5607258BFE02000C02BB /* RegistrationController.swift in Sources */,
				ED03DC95256F9D8F001734B6 /* AppDelegate.swift in Sources */,
				EDB9EB5A2577956300CF8C33 /* User.swift in Sources */,
				ED9371912572E9A700077A08 /* TopNavigationStackView.swift in Sources */,
				ED03DCAC2570DE0E001734B6 /* Extension+UIView.swift in Sources */,
				ED54D71B258E9CD6008356F8 /* CustomTextField.swift in Sources */,
				EDB16E87257D76FF00AD54EA /* CardView.swift in Sources */,
				ED03DC97256F9D8F001734B6 /* SceneDelegate.swift in Sources */,
				EDB16E8B257D799C00AD54EA /* CardViewModel.swift in Sources */,
			);
			runOnlyForDeploymentPostprocessing = 0;
		};
/* End PBXSourcesBuildPhase section */

/* Begin PBXVariantGroup section */
		ED03DC9A256F9D8F001734B6 /* Main.storyboard */ = {
			isa = PBXVariantGroup;
			children = (
				ED03DC9B256F9D8F001734B6 /* Base */,
			);
			name = Main.storyboard;
			sourceTree = "<group>";
		};
		ED03DC9F256F9D95001734B6 /* LaunchScreen.storyboard */ = {
			isa = PBXVariantGroup;
			children = (
				ED03DCA0256F9D95001734B6 /* Base */,
			);
			name = LaunchScreen.storyboard;
			sourceTree = "<group>";
		};
/* End PBXVariantGroup section */

/* Begin XCBuildConfiguration section */
		ED03DCA3256F9D95001734B6 /* Debug */ = {
			isa = XCBuildConfiguration;
			buildSettings = {
				ALWAYS_SEARCH_USER_PATHS = NO;
				CLANG_ANALYZER_NONNULL = YES;
				CLANG_ANALYZER_NUMBER_OBJECT_CONVERSION = YES_AGGRESSIVE;
				CLANG_CXX_LANGUAGE_STANDARD = "gnu++14";
				CLANG_CXX_LIBRARY = "libc++";
				CLANG_ENABLE_MODULES = YES;
				CLANG_ENABLE_OBJC_ARC = YES;
				CLANG_ENABLE_OBJC_WEAK = YES;
				CLANG_WARN_BLOCK_CAPTURE_AUTORELEASING = YES;
				CLANG_WARN_BOOL_CONVERSION = YES;
				CLANG_WARN_COMMA = YES;
				CLANG_WARN_CONSTANT_CONVERSION = YES;
				CLANG_WARN_DEPRECATED_OBJC_IMPLEMENTATIONS = YES;
				CLANG_WARN_DIRECT_OBJC_ISA_USAGE = YES_ERROR;
				CLANG_WARN_DOCUMENTATION_COMMENTS = YES;
				CLANG_WARN_EMPTY_BODY = YES;
				CLANG_WARN_ENUM_CONVERSION = YES;
				CLANG_WARN_INFINITE_RECURSION = YES;
				CLANG_WARN_INT_CONVERSION = YES;
				CLANG_WARN_NON_LITERAL_NULL_CONVERSION = YES;
				CLANG_WARN_OBJC_IMPLICIT_RETAIN_SELF = YES;
				CLANG_WARN_OBJC_LITERAL_CONVERSION = YES;
				CLANG_WARN_OBJC_ROOT_CLASS = YES_ERROR;
				CLANG_WARN_QUOTED_INCLUDE_IN_FRAMEWORK_HEADER = YES;
				CLANG_WARN_RANGE_LOOP_ANALYSIS = YES;
				CLANG_WARN_STRICT_PROTOTYPES = YES;
				CLANG_WARN_SUSPICIOUS_MOVE = YES;
				CLANG_WARN_UNGUARDED_AVAILABILITY = YES_AGGRESSIVE;
				CLANG_WARN_UNREACHABLE_CODE = YES;
				CLANG_WARN__DUPLICATE_METHOD_MATCH = YES;
				COPY_PHASE_STRIP = NO;
				DEBUG_INFORMATION_FORMAT = dwarf;
				ENABLE_STRICT_OBJC_MSGSEND = YES;
				ENABLE_TESTABILITY = YES;
				GCC_C_LANGUAGE_STANDARD = gnu11;
				GCC_DYNAMIC_NO_PIC = NO;
				GCC_NO_COMMON_BLOCKS = YES;
				GCC_OPTIMIZATION_LEVEL = 0;
				GCC_PREPROCESSOR_DEFINITIONS = (
					"DEBUG=1",
					"$(inherited)",
				);
				GCC_WARN_64_TO_32_BIT_CONVERSION = YES;
				GCC_WARN_ABOUT_RETURN_TYPE = YES_ERROR;
				GCC_WARN_UNDECLARED_SELECTOR = YES;
				GCC_WARN_UNINITIALIZED_AUTOS = YES_AGGRESSIVE;
				GCC_WARN_UNUSED_FUNCTION = YES;
				GCC_WARN_UNUSED_VARIABLE = YES;
				IPHONEOS_DEPLOYMENT_TARGET = 14.2;
				MTL_ENABLE_DEBUG_INFO = INCLUDE_SOURCE;
				MTL_FAST_MATH = YES;
				ONLY_ACTIVE_ARCH = YES;
				SDKROOT = iphoneos;
				SWIFT_ACTIVE_COMPILATION_CONDITIONS = DEBUG;
				SWIFT_OPTIMIZATION_LEVEL = "-Onone";
			};
			name = Debug;
		};
		ED03DCA4256F9D95001734B6 /* Release */ = {
			isa = XCBuildConfiguration;
			buildSettings = {
				ALWAYS_SEARCH_USER_PATHS = NO;
				CLANG_ANALYZER_NONNULL = YES;
				CLANG_ANALYZER_NUMBER_OBJECT_CONVERSION = YES_AGGRESSIVE;
				CLANG_CXX_LANGUAGE_STANDARD = "gnu++14";
				CLANG_CXX_LIBRARY = "libc++";
				CLANG_ENABLE_MODULES = YES;
				CLANG_ENABLE_OBJC_ARC = YES;
				CLANG_ENABLE_OBJC_WEAK = YES;
				CLANG_WARN_BLOCK_CAPTURE_AUTORELEASING = YES;
				CLANG_WARN_BOOL_CONVERSION = YES;
				CLANG_WARN_COMMA = YES;
				CLANG_WARN_CONSTANT_CONVERSION = YES;
				CLANG_WARN_DEPRECATED_OBJC_IMPLEMENTATIONS = YES;
				CLANG_WARN_DIRECT_OBJC_ISA_USAGE = YES_ERROR;
				CLANG_WARN_DOCUMENTATION_COMMENTS = YES;
				CLANG_WARN_EMPTY_BODY = YES;
				CLANG_WARN_ENUM_CONVERSION = YES;
				CLANG_WARN_INFINITE_RECURSION = YES;
				CLANG_WARN_INT_CONVERSION = YES;
				CLANG_WARN_NON_LITERAL_NULL_CONVERSION = YES;
				CLANG_WARN_OBJC_IMPLICIT_RETAIN_SELF = YES;
				CLANG_WARN_OBJC_LITERAL_CONVERSION = YES;
				CLANG_WARN_OBJC_ROOT_CLASS = YES_ERROR;
				CLANG_WARN_QUOTED_INCLUDE_IN_FRAMEWORK_HEADER = YES;
				CLANG_WARN_RANGE_LOOP_ANALYSIS = YES;
				CLANG_WARN_STRICT_PROTOTYPES = YES;
				CLANG_WARN_SUSPICIOUS_MOVE = YES;
				CLANG_WARN_UNGUARDED_AVAILABILITY = YES_AGGRESSIVE;
				CLANG_WARN_UNREACHABLE_CODE = YES;
				CLANG_WARN__DUPLICATE_METHOD_MATCH = YES;
				COPY_PHASE_STRIP = NO;
				DEBUG_INFORMATION_FORMAT = "dwarf-with-dsym";
				ENABLE_NS_ASSERTIONS = NO;
				ENABLE_STRICT_OBJC_MSGSEND = YES;
				GCC_C_LANGUAGE_STANDARD = gnu11;
				GCC_NO_COMMON_BLOCKS = YES;
				GCC_WARN_64_TO_32_BIT_CONVERSION = YES;
				GCC_WARN_ABOUT_RETURN_TYPE = YES_ERROR;
				GCC_WARN_UNDECLARED_SELECTOR = YES;
				GCC_WARN_UNINITIALIZED_AUTOS = YES_AGGRESSIVE;
				GCC_WARN_UNUSED_FUNCTION = YES;
				GCC_WARN_UNUSED_VARIABLE = YES;
				IPHONEOS_DEPLOYMENT_TARGET = 14.2;
				MTL_ENABLE_DEBUG_INFO = NO;
				MTL_FAST_MATH = YES;
				SDKROOT = iphoneos;
				SWIFT_COMPILATION_MODE = wholemodule;
				SWIFT_OPTIMIZATION_LEVEL = "-O";
				VALIDATE_PRODUCT = YES;
			};
			name = Release;
		};
		ED03DCA6256F9D95001734B6 /* Debug */ = {
			isa = XCBuildConfiguration;
			buildSettings = {
				ASSETCATALOG_COMPILER_APPICON_NAME = AppIcon;
				ASSETCATALOG_COMPILER_GLOBAL_ACCENT_COLOR_NAME = AccentColor;
				CODE_SIGN_STYLE = Automatic;
				DEVELOPMENT_TEAM = CYNZRZ47N3;
				INFOPLIST_FILE = Tinder/Info.plist;
				LD_RUNPATH_SEARCH_PATHS = (
					"$(inherited)",
					"@executable_path/Frameworks",
				);
				PRODUCT_BUNDLE_IDENTIFIER = sasgasg.Tinder;
				PRODUCT_NAME = "$(TARGET_NAME)";
				SWIFT_VERSION = 5.0;
				TARGETED_DEVICE_FAMILY = 1;
			};
			name = Debug;
		};
		ED03DCA7256F9D95001734B6 /* Release */ = {
			isa = XCBuildConfiguration;
			buildSettings = {
				ASSETCATALOG_COMPILER_APPICON_NAME = AppIcon;
				ASSETCATALOG_COMPILER_GLOBAL_ACCENT_COLOR_NAME = AccentColor;
				CODE_SIGN_STYLE = Automatic;
				DEVELOPMENT_TEAM = CYNZRZ47N3;
				INFOPLIST_FILE = Tinder/Info.plist;
				LD_RUNPATH_SEARCH_PATHS = (
					"$(inherited)",
					"@executable_path/Frameworks",
				);
				PRODUCT_BUNDLE_IDENTIFIER = sasgasg.Tinder;
				PRODUCT_NAME = "$(TARGET_NAME)";
				SWIFT_VERSION = 5.0;
				TARGETED_DEVICE_FAMILY = 1;
			};
			name = Release;
		};
/* End XCBuildConfiguration section */

/* Begin XCConfigurationList section */
		ED03DC8C256F9D8F001734B6 /* Build configuration list for PBXProject "Tinder" */ = {
			isa = XCConfigurationList;
			buildConfigurations = (
				ED03DCA3256F9D95001734B6 /* Debug */,
				ED03DCA4256F9D95001734B6 /* Release */,
			);
			defaultConfigurationIsVisible = 0;
			defaultConfigurationName = Release;
		};
		ED03DCA5256F9D95001734B6 /* Build configuration list for PBXNativeTarget "Tinder" */ = {
			isa = XCConfigurationList;
			buildConfigurations = (
				ED03DCA6256F9D95001734B6 /* Debug */,
				ED03DCA7256F9D95001734B6 /* Release */,
			);
			defaultConfigurationIsVisible = 0;
			defaultConfigurationName = Release;
		};
/* End XCConfigurationList section */
	};
	rootObject = ED03DC89256F9D8F001734B6 /* Project object */;
}
